
Microsoft Visual Studio Solution File, Format Version 12.00
# Visual Studio Version 16
VisualStudioVersion = 16.0.29403.142
MinimumVisualStudioVersion = 10.0.40219.1
Project("{FAE04EC0-301F-11D3-BF4B-00C04F79EFBC}") = "ProblemB", "Problem_B\ProblemB.csproj", "{CC441631-6507-4C4D-9CC0-8C86685A177A}"
EndProject
Global
	GlobalSection(SolutionConfigurationPlatforms) = preSolution
		Debug|Any CPU = Debug|Any CPU
		Release|Any CPU = Release|Any CPU
	EndGlobalSection
	GlobalSection(ProjectConfigurationPlatforms) = postSolution
		{CC441631-6507-4C4D-9CC0-8C86685A177A}.Debug|Any CPU.ActiveCfg = Debug|Any CPU
		{CC441631-6507-4C4D-9CC0-8C86685A177A}.Debug|Any CPU.Build.0 = Debug|Any CPU
		{CC441631-6507-4C4D-9CC0-8C86685A177A}.Release|Any CPU.ActiveCfg = Release|Any CPU
		{CC441631-6507-4C4D-9CC0-8C86685A177A}.Release|Any CPU.Build.0 = Release|Any CPU
	EndGlobalSection
	GlobalSection(SolutionProperties) = preSolution
		HideSolutionNode = FALSE
	EndGlobalSection
	GlobalSection(ExtensibilityGlobals) = postSolution
		SolutionGuid = {6888B5CF-7E91-4F2E-AC4A-A8E3EA3A837B}
	EndGlobalSection
EndGlobal
